
Microsoft Visual Studio Solution File, Format Version 9.00
# Visual Studio 2005
Project("{FAE04EC0-301F-11D3-BF4B-00C04F79EFBC}") = "Tester", "Tester.csproj", "{D19EA700-AF30-4858-9E93-5C302852DEED}"
EndProject
Global
	GlobalSection(SolutionConfigurationPlatforms) = preSolution
		Debug|Any CPU = Debug|Any CPU
		Release|Any CPU = Release|Any CPU
	EndGlobalSection
	GlobalSection(ProjectConfigurationPlatforms) = postSolution
		{D19EA700-AF30-4858-9E93-5C302852DEED}.Debug|Any CPU.ActiveCfg = Debug|Any CPU
		{D19EA700-AF30-4858-9E93-5C302852DEED}.Debug|Any CPU.Build.0 = Debug|Any CPU
		{D19EA700-AF30-4858-9E93-5C302852DEED}.Release|Any CPU.ActiveCfg = Release|Any CPU
		{D19EA700-AF30-4858-9E93-5C302852DEED}.Release|Any CPU.Build.0 = Release|Any CPU
	EndGlobalSection
	GlobalSection(SolutionProperties) = preSolution
		HideSolutionNode = FALSE
	EndGlobalSection
EndGlobal
